
Microsoft Visual Studio Solution File, Format Version 12.00
# Visual Studio Version 16
VisualStudioVersion = 16.0.32228.343
MinimumVisualStudioVersion = 10.0.40219.1
Project("{FAE04EC0-301F-11D3-BF4B-00C04F79EFBC}") = "UniversityDemo", "UniversityDemo\UniversityDemo.csproj", "{7BDF058D-E49E-4BCB-B7E6-289A714BDC86}"
EndProject
Project("{2150E333-8FDC-42A3-9474-1A3956D46DE8}") = "Application", "Application", "{F11023D6-5486-4503-A322-783A43035A23}"
EndProject
Project("{2150E333-8FDC-42A3-9474-1A3956D46DE8}") = "Domain", "Domain", "{D500C17F-A15A-4089-87A9-14197592BCAF}"
EndProject
Project("{2150E333-8FDC-42A3-9474-1A3956D46DE8}") = "Infra.IoC", "Infra.IoC", "{97C006D6-9CB8-4626-A020-9C25D64349C9}"
EndProject
Project("{2150E333-8FDC-42A3-9474-1A3956D46DE8}") = "Infra.Data", "Infra.Data", "{48A322E1-C48C-4F83-BF49-24545B1A6840}"
EndProject
Project("{2150E333-8FDC-42A3-9474-1A3956D46DE8}") = "Presentation", "Presentation", "{F2944321-6627-4B31-9D0E-038E6A1154E2}"
EndProject
Project("{FAE04EC0-301F-11D3-BF4B-00C04F79EFBC}") = "UniversityDemo.Application", "UniversityDemo.Application\UniversityDemo.Application.csproj", "{A1896DCF-2CAD-44B3-B758-D00C70F603E9}"
EndProject
Project("{FAE04EC0-301F-11D3-BF4B-00C04F79EFBC}") = "UniversityDemo.Domain", "UniversityDemo.Domain\UniversityDemo.Domain.csproj", "{99B63D6A-D136-49CA-827C-911F27DA9587}"
EndProject
Project("{FAE04EC0-301F-11D3-BF4B-00C04F79EFBC}") = "UniversityDemo.Infra.Data", "UniversityDemo.Infra.Data\UniversityDemo.Infra.Data.csproj", "{D5F77C69-FF82-4A15-8622-1D58D47B9D04}"
EndProject
Project("{FAE04EC0-301F-11D3-BF4B-00C04F79EFBC}") = "UniversityDemo.Infra.IoC", "UniversityDemo.Infra.IoC\UniversityDemo.Infra.IoC.csproj", "{D60ED5E1-6D6B-4240-BC4D-B6B58DDDC229}"
EndProject
Global
	GlobalSection(SolutionConfigurationPlatforms) = preSolution
		Debug|Any CPU = Debug|Any CPU
		Release|Any CPU = Release|Any CPU
	EndGlobalSection
	GlobalSection(ProjectConfigurationPlatforms) = postSolution
		{7BDF058D-E49E-4BCB-B7E6-289A714BDC86}.Debug|Any CPU.ActiveCfg = Debug|Any CPU
		{7BDF058D-E49E-4BCB-B7E6-289A714BDC86}.Debug|Any CPU.Build.0 = Debug|Any CPU
		{7BDF058D-E49E-4BCB-B7E6-289A714BDC86}.Release|Any CPU.ActiveCfg = Release|Any CPU
		{7BDF058D-E49E-4BCB-B7E6-289A714BDC86}.Release|Any CPU.Build.0 = Release|Any CPU
		{A1896DCF-2CAD-44B3-B758-D00C70F603E9}.Debug|Any CPU.ActiveCfg = Debug|Any CPU
		{A1896DCF-2CAD-44B3-B758-D00C70F603E9}.Debug|Any CPU.Build.0 = Debug|Any CPU
		{A1896DCF-2CAD-44B3-B758-D00C70F603E9}.Release|Any CPU.ActiveCfg = Release|Any CPU
		{A1896DCF-2CAD-44B3-B758-D00C70F603E9}.Release|Any CPU.Build.0 = Release|Any CPU
		{99B63D6A-D136-49CA-827C-911F27DA9587}.Debug|Any CPU.ActiveCfg = Debug|Any CPU
		{99B63D6A-D136-49CA-827C-911F27DA9587}.Debug|Any CPU.Build.0 = Debug|Any CPU
		{99B63D6A-D136-49CA-827C-911F27DA9587}.Release|Any CPU.ActiveCfg = Release|Any CPU
		{99B63D6A-D136-49CA-827C-911F27DA9587}.Release|Any CPU.Build.0 = Release|Any CPU
		{D5F77C69-FF82-4A15-8622-1D58D47B9D04}.Debug|Any CPU.ActiveCfg = Debug|Any CPU
		{D5F77C69-FF82-4A15-8622-1D58D47B9D04}.Debug|Any CPU.Build.0 = Debug|Any CPU
		{D5F77C69-FF82-4A15-8622-1D58D47B9D04}.Release|Any CPU.ActiveCfg = Release|Any CPU
		{D5F77C69-FF82-4A15-8622-1D58D47B9D04}.Release|Any CPU.Build.0 = Release|Any CPU
		{D60ED5E1-6D6B-4240-BC4D-B6B58DDDC229}.Debug|Any CPU.ActiveCfg = Debug|Any CPU
		{D60ED5E1-6D6B-4240-BC4D-B6B58DDDC229}.Debug|Any CPU.Build.0 = Debug|Any CPU
		{D60ED5E1-6D6B-4240-BC4D-B6B58DDDC229}.Release|Any CPU.ActiveCfg = Release|Any CPU
		{D60ED5E1-6D6B-4240-BC4D-B6B58DDDC229}.Release|Any CPU.Build.0 = Release|Any CPU
	EndGlobalSection
	GlobalSection(SolutionProperties) = preSolution
		HideSolutionNode = FALSE
	EndGlobalSection
	GlobalSection(NestedProjects) = preSolution
		{7BDF058D-E49E-4BCB-B7E6-289A714BDC86} = {F2944321-6627-4B31-9D0E-038E6A1154E2}
		{A1896DCF-2CAD-44B3-B758-D00C70F603E9} = {F11023D6-5486-4503-A322-783A43035A23}
		{99B63D6A-D136-49CA-827C-911F27DA9587} = {D500C17F-A15A-4089-87A9-14197592BCAF}
		{D5F77C69-FF82-4A15-8622-1D58D47B9D04} = {48A322E1-C48C-4F83-BF49-24545B1A6840}
		{D60ED5E1-6D6B-4240-BC4D-B6B58DDDC229} = {97C006D6-9CB8-4626-A020-9C25D64349C9}
	EndGlobalSection
	GlobalSection(ExtensibilityGlobals) = postSolution
		SolutionGuid = {D9E5CE2D-254F-4EE4-9C2A-634DFE2F32D0}
	EndGlobalSection
EndGlobal
